
Microsoft Visual Studio Solution File, Format Version 12.00
# Visual Studio 15
VisualStudioVersion = 15.0.27703.2026
MinimumVisualStudioVersion = 10.0.40219.1
Project("{9A19103F-16F7-4668-BE54-9A1E7A4F7556}") = "MyDishesApp.API", "MyDishesApp.API\MyDishesApp.API.csproj", "{1AD72D8B-6696-4500-9D65-EBD7834429C6}"
EndProject
Project("{9A19103F-16F7-4668-BE54-9A1E7A4F7556}") = "Marvin.IDP", "Marvin.IDP\Marvin.IDP.csproj", "{5648EEDE-7130-4412-A468-6F8A648ABCB2}"
EndProject
Global
	GlobalSection(SolutionConfigurationPlatforms) = preSolution
		Debug|Any CPU = Debug|Any CPU
		Release|Any CPU = Release|Any CPU
	EndGlobalSection
	GlobalSection(ProjectConfigurationPlatforms) = postSolution
		{1AD72D8B-6696-4500-9D65-EBD7834429C6}.Debug|Any CPU.ActiveCfg = Debug|Any CPU
		{1AD72D8B-6696-4500-9D65-EBD7834429C6}.Debug|Any CPU.Build.0 = Debug|Any CPU
		{1AD72D8B-6696-4500-9D65-EBD7834429C6}.Release|Any CPU.ActiveCfg = Release|Any CPU
		{1AD72D8B-6696-4500-9D65-EBD7834429C6}.Release|Any CPU.Build.0 = Release|Any CPU
		{5648EEDE-7130-4412-A468-6F8A648ABCB2}.Debug|Any CPU.ActiveCfg = Debug|Any CPU
		{5648EEDE-7130-4412-A468-6F8A648ABCB2}.Debug|Any CPU.Build.0 = Debug|Any CPU
		{5648EEDE-7130-4412-A468-6F8A648ABCB2}.Release|Any CPU.ActiveCfg = Release|Any CPU
		{5648EEDE-7130-4412-A468-6F8A648ABCB2}.Release|Any CPU.Build.0 = Release|Any CPU
	EndGlobalSection
	GlobalSection(SolutionProperties) = preSolution
		HideSolutionNode = FALSE
	EndGlobalSection
	GlobalSection(ExtensibilityGlobals) = postSolution
		SolutionGuid = {C44BFF6B-E954-4D5C-84FC-2D13F5CD10BD}
	EndGlobalSection
EndGlobal
